
Microsoft Visual Studio Solution File, Format Version 12.00
# Visual Studio 15
VisualStudioVersion = 15.0.28307.757
MinimumVisualStudioVersion = 10.0.40219.1
Project("{FAE04EC0-301F-11D3-BF4B-00C04F79EFBC}") = "Spy.WebApi", "Spy.WebApi\Spy.WebApi.csproj", "{58F63492-920B-4B21-9AC3-F91A756055CE}"
EndProject
Global
	GlobalSection(SolutionConfigurationPlatforms) = preSolution
		Debug|Any CPU = Debug|Any CPU
		Release|Any CPU = Release|Any CPU
	EndGlobalSection
	GlobalSection(ProjectConfigurationPlatforms) = postSolution
		{58F63492-920B-4B21-9AC3-F91A756055CE}.Debug|Any CPU.ActiveCfg = Debug|Any CPU
		{58F63492-920B-4B21-9AC3-F91A756055CE}.Debug|Any CPU.Build.0 = Debug|Any CPU
		{58F63492-920B-4B21-9AC3-F91A756055CE}.Release|Any CPU.ActiveCfg = Release|Any CPU
		{58F63492-920B-4B21-9AC3-F91A756055CE}.Release|Any CPU.Build.0 = Release|Any CPU
	EndGlobalSection
	GlobalSection(SolutionProperties) = preSolution
		HideSolutionNode = FALSE
	EndGlobalSection
	GlobalSection(ExtensibilityGlobals) = postSolution
		SolutionGuid = {D08A575F-8645-46A1-9CF5-33E4F23D5CA6}
	EndGlobalSection
EndGlobal
